
Microsoft Visual Studio Solution File, Format Version 12.00
# Visual Studio Version 17
VisualStudioVersion = 17.9.34902.65
MinimumVisualStudioVersion = 10.0.40219.1
Project("{FAE04EC0-301F-11D3-BF4B-00C04F79EFBC}") = "CryptoRates", "CryptoRates\CryptoRates.csproj", "{8BF1024F-3A6A-440C-B41B-97495EEBD2FC}"
EndProject
Global
	GlobalSection(SolutionConfigurationPlatforms) = preSolution
		Debug|Any CPU = Debug|Any CPU
		Release|Any CPU = Release|Any CPU
	EndGlobalSection
	GlobalSection(ProjectConfigurationPlatforms) = postSolution
		{8BF1024F-3A6A-440C-B41B-97495EEBD2FC}.Debug|Any CPU.ActiveCfg = Debug|Any CPU
		{8BF1024F-3A6A-440C-B41B-97495EEBD2FC}.Debug|Any CPU.Build.0 = Debug|Any CPU
		{8BF1024F-3A6A-440C-B41B-97495EEBD2FC}.Release|Any CPU.ActiveCfg = Release|Any CPU
		{8BF1024F-3A6A-440C-B41B-97495EEBD2FC}.Release|Any CPU.Build.0 = Release|Any CPU
	EndGlobalSection
	GlobalSection(SolutionProperties) = preSolution
		HideSolutionNode = FALSE
	EndGlobalSection
	GlobalSection(ExtensibilityGlobals) = postSolution
		SolutionGuid = {D7720DAF-081F-4607-94AF-C06986486B82}
	EndGlobalSection
EndGlobal
